
Microsoft Visual Studio Solution File, Format Version 12.00
# Visual Studio Version 17
VisualStudioVersion = 17.3.32929.385
MinimumVisualStudioVersion = 10.0.40219.1
Project("{FAE04EC0-301F-11D3-BF4B-00C04F79EFBC}") = "Test-2-ShravanKumar-Project-4", "Test-2-ShravanKumar-Project-4\Test-2-ShravanKumar-Project-4.csproj", "{715E0F73-BEF8-4BAB-8A3D-2F6ECCB66BCB}"
EndProject
Global
	GlobalSection(SolutionConfigurationPlatforms) = preSolution
		Debug|Any CPU = Debug|Any CPU
		Release|Any CPU = Release|Any CPU
	EndGlobalSection
	GlobalSection(ProjectConfigurationPlatforms) = postSolution
		{715E0F73-BEF8-4BAB-8A3D-2F6ECCB66BCB}.Debug|Any CPU.ActiveCfg = Debug|Any CPU
		{715E0F73-BEF8-4BAB-8A3D-2F6ECCB66BCB}.Debug|Any CPU.Build.0 = Debug|Any CPU
		{715E0F73-BEF8-4BAB-8A3D-2F6ECCB66BCB}.Release|Any CPU.ActiveCfg = Release|Any CPU
		{715E0F73-BEF8-4BAB-8A3D-2F6ECCB66BCB}.Release|Any CPU.Build.0 = Release|Any CPU
	EndGlobalSection
	GlobalSection(SolutionProperties) = preSolution
		HideSolutionNode = FALSE
	EndGlobalSection
	GlobalSection(ExtensibilityGlobals) = postSolution
		SolutionGuid = {D8016060-8617-47EC-9AAD-0B4ACEB9761E}
	EndGlobalSection
EndGlobal
